
Microsoft Visual Studio Solution File, Format Version 12.00
# Visual Studio Version 16
VisualStudioVersion = 16.0.30907.101
MinimumVisualStudioVersion = 10.0.40219.1
Project("{8BC9CEB8-8B4A-11D0-8D11-00A0C91BC942}") = "SkillCheckAdventureTime", "SkillCheckAdventureTime\SkillCheckAdventureTime.vcxproj", "{6CDEB275-D71A-4009-B47B-27FB48681C5D}"
EndProject
Project("{8BC9CEB8-8B4A-11D0-8D11-00A0C91BC942}") = "Exercice-DisplayAverageOfThreeGameScore", "Exercice-DisplayAverageOfThreeGameScore\Exercice-DisplayAverageOfThreeGameScore.vcxproj", "{AE6339C9-C25E-442A-9D3A-DA059BAD0650}"
EndProject
Project("{8BC9CEB8-8B4A-11D0-8D11-00A0C91BC942}") = "CreatAMenuToChooseByEnteringNumber", "CreatAMenuToChooseByEnteringNumber\CreatAMenuToChooseByEnteringNumber.vcxproj", "{3E28851C-F412-496E-958D-441FB0F1D9B7}"
EndProject
Project("{8BC9CEB8-8B4A-11D0-8D11-00A0C91BC942}") = "GuessMyNumberHuman", "GuessMyNumberHuman\GuessMyNumberHuman.vcxproj", "{8D6EDF76-4704-4303-9DBC-FB5F9F839E68}"
EndProject
Project("{8BC9CEB8-8B4A-11D0-8D11-00A0C91BC942}") = "GuessMyNumberComputer", "GuessMyNumberComputer\GuessMyNumberComputer.vcxproj", "{E009A383-A0ED-48AC-97BF-2D5C0B197920}"
EndProject
Project("{8BC9CEB8-8B4A-11D0-8D11-00A0C91BC942}") = "EquipASpaceShip", "EquipASpaceShip\EquipASpaceShip.vcxproj", "{6F968E33-5809-405F-B9A4-F0701A77D049}"
EndProject
Project("{8BC9CEB8-8B4A-11D0-8D11-00A0C91BC942}") = "InventoryUsingArray", "InventoryUsingArray\InventoryUsingArray.vcxproj", "{247B0774-B54B-4C7F-BD25-F9AB6D327EFA}"
EndProject
Project("{8BC9CEB8-8B4A-11D0-8D11-00A0C91BC942}") = "WordJumble", "WordJumble\WordJumble.vcxproj", "{E6D598EA-19AE-414F-90BD-BEFD0D14F1EC}"
EndProject
Project("{8BC9CEB8-8B4A-11D0-8D11-00A0C91BC942}") = "GuessMyNumberIAV2", "GuessMyNumberIAV2\GuessMyNumberIAV2.vcxproj", "{E9CA7737-415B-4B73-9E77-5A41C6E3BF02}"
EndProject
Global
	GlobalSection(SolutionConfigurationPlatforms) = preSolution
		Debug|x64 = Debug|x64
		Debug|x86 = Debug|x86
		Release|x64 = Release|x64
		Release|x86 = Release|x86
	EndGlobalSection
	GlobalSection(ProjectConfigurationPlatforms) = postSolution
		{6CDEB275-D71A-4009-B47B-27FB48681C5D}.Debug|x64.ActiveCfg = Debug|x64
		{6CDEB275-D71A-4009-B47B-27FB48681C5D}.Debug|x64.Build.0 = Debug|x64
		{6CDEB275-D71A-4009-B47B-27FB48681C5D}.Debug|x86.ActiveCfg = Debug|Win32
		{6CDEB275-D71A-4009-B47B-27FB48681C5D}.Debug|x86.Build.0 = Debug|Win32
		{6CDEB275-D71A-4009-B47B-27FB48681C5D}.Release|x64.ActiveCfg = Release|x64
		{6CDEB275-D71A-4009-B47B-27FB48681C5D}.Release|x64.Build.0 = Release|x64
		{6CDEB275-D71A-4009-B47B-27FB48681C5D}.Release|x86.ActiveCfg = Release|Win32
		{6CDEB275-D71A-4009-B47B-27FB48681C5D}.Release|x86.Build.0 = Release|Win32
		{AE6339C9-C25E-442A-9D3A-DA059BAD0650}.Debug|x64.ActiveCfg = Debug|x64
		{AE6339C9-C25E-442A-9D3A-DA059BAD0650}.Debug|x64.Build.0 = Debug|x64
		{AE6339C9-C25E-442A-9D3A-DA059BAD0650}.Debug|x86.ActiveCfg = Debug|Win32
		{AE6339C9-C25E-442A-9D3A-DA059BAD0650}.Debug|x86.Build.0 = Debug|Win32
		{AE6339C9-C25E-442A-9D3A-DA059BAD0650}.Release|x64.ActiveCfg = Release|x64
		{AE6339C9-C25E-442A-9D3A-DA059BAD0650}.Release|x64.Build.0 = Release|x64
		{AE6339C9-C25E-442A-9D3A-DA059BAD0650}.Release|x86.ActiveCfg = Release|Win32
		{AE6339C9-C25E-442A-9D3A-DA059BAD0650}.Release|x86.Build.0 = Release|Win32
		{3E28851C-F412-496E-958D-441FB0F1D9B7}.Debug|x64.ActiveCfg = Debug|x64
		{3E28851C-F412-496E-958D-441FB0F1D9B7}.Debug|x64.Build.0 = Debug|x64
		{3E28851C-F412-496E-958D-441FB0F1D9B7}.Debug|x86.ActiveCfg = Debug|Win32
		{3E28851C-F412-496E-958D-441FB0F1D9B7}.Debug|x86.Build.0 = Debug|Win32
		{3E28851C-F412-496E-958D-441FB0F1D9B7}.Release|x64.ActiveCfg = Release|x64
		{3E28851C-F412-496E-958D-441FB0F1D9B7}.Release|x64.Build.0 = Release|x64
		{3E28851C-F412-496E-958D-441FB0F1D9B7}.Release|x86.ActiveCfg = Release|Win32
		{3E28851C-F412-496E-958D-441FB0F1D9B7}.Release|x86.Build.0 = Release|Win32
		{8D6EDF76-4704-4303-9DBC-FB5F9F839E68}.Debug|x64.ActiveCfg = Debug|x64
		{8D6EDF76-4704-4303-9DBC-FB5F9F839E68}.Debug|x64.Build.0 = Debug|x64
		{8D6EDF76-4704-4303-9DBC-FB5F9F839E68}.Debug|x86.ActiveCfg = Debug|Win32
		{8D6EDF76-4704-4303-9DBC-FB5F9F839E68}.Debug|x86.Build.0 = Debug|Win32
		{8D6EDF76-4704-4303-9DBC-FB5F9F839E68}.Release|x64.ActiveCfg = Release|x64
		{8D6EDF76-4704-4303-9DBC-FB5F9F839E68}.Release|x64.Build.0 = Release|x64
		{8D6EDF76-4704-4303-9DBC-FB5F9F839E68}.Release|x86.ActiveCfg = Release|Win32
		{8D6EDF76-4704-4303-9DBC-FB5F9F839E68}.Release|x86.Build.0 = Release|Win32
		{E009A383-A0ED-48AC-97BF-2D5C0B197920}.Debug|x64.ActiveCfg = Debug|x64
		{E009A383-A0ED-48AC-97BF-2D5C0B197920}.Debug|x64.Build.0 = Debug|x64
		{E009A383-A0ED-48AC-97BF-2D5C0B197920}.Debug|x86.ActiveCfg = Debug|Win32
		{E009A383-A0ED-48AC-97BF-2D5C0B197920}.Debug|x86.Build.0 = Debug|Win32
		{E009A383-A0ED-48AC-97BF-2D5C0B197920}.Release|x64.ActiveCfg = Release|x64
		{E009A383-A0ED-48AC-97BF-2D5C0B197920}.Release|x64.Build.0 = Release|x64
		{E009A383-A0ED-48AC-97BF-2D5C0B197920}.Release|x86.ActiveCfg = Release|Win32
		{E009A383-A0ED-48AC-97BF-2D5C0B197920}.Release|x86.Build.0 = Release|Win32
		{6F968E33-5809-405F-B9A4-F0701A77D049}.Debug|x64.ActiveCfg = Debug|x64
		{6F968E33-5809-405F-B9A4-F0701A77D049}.Debug|x64.Build.0 = Debug|x64
		{6F968E33-5809-405F-B9A4-F0701A77D049}.Debug|x86.ActiveCfg = Debug|Win32
		{6F968E33-5809-405F-B9A4-F0701A77D049}.Debug|x86.Build.0 = Debug|Win32
		{6F968E33-5809-405F-B9A4-F0701A77D049}.Release|x64.ActiveCfg = Release|x64
		{6F968E33-5809-405F-B9A4-F0701A77D049}.Release|x64.Build.0 = Release|x64
		{6F968E33-5809-405F-B9A4-F0701A77D049}.Release|x86.ActiveCfg = Release|Win32
		{6F968E33-5809-405F-B9A4-F0701A77D049}.Release|x86.Build.0 = Release|Win32
		{247B0774-B54B-4C7F-BD25-F9AB6D327EFA}.Debug|x64.ActiveCfg = Debug|x64
		{247B0774-B54B-4C7F-BD25-F9AB6D327EFA}.Debug|x64.Build.0 = Debug|x64
		{247B0774-B54B-4C7F-BD25-F9AB6D327EFA}.Debug|x86.ActiveCfg = Debug|Win32
		{247B0774-B54B-4C7F-BD25-F9AB6D327EFA}.Debug|x86.Build.0 = Debug|Win32
		{247B0774-B54B-4C7F-BD25-F9AB6D327EFA}.Release|x64.ActiveCfg = Release|x64
		{247B0774-B54B-4C7F-BD25-F9AB6D327EFA}.Release|x64.Build.0 = Release|x64
		{247B0774-B54B-4C7F-BD25-F9AB6D327EFA}.Release|x86.ActiveCfg = Release|Win32
		{247B0774-B54B-4C7F-BD25-F9AB6D327EFA}.Release|x86.Build.0 = Release|Win32
		{E6D598EA-19AE-414F-90BD-BEFD0D14F1EC}.Debug|x64.ActiveCfg = Debug|x64
		{E6D598EA-19AE-414F-90BD-BEFD0D14F1EC}.Debug|x64.Build.0 = Debug|x64
		{E6D598EA-19AE-414F-90BD-BEFD0D14F1EC}.Debug|x86.ActiveCfg = Debug|Win32
		{E6D598EA-19AE-414F-90BD-BEFD0D14F1EC}.Debug|x86.Build.0 = Debug|Win32
		{E6D598EA-19AE-414F-90BD-BEFD0D14F1EC}.Release|x64.ActiveCfg = Release|x64
		{E6D598EA-19AE-414F-90BD-BEFD0D14F1EC}.Release|x64.Build.0 = Release|x64
		{E6D598EA-19AE-414F-90BD-BEFD0D14F1EC}.Release|x86.ActiveCfg = Release|Win32
		{E6D598EA-19AE-414F-90BD-BEFD0D14F1EC}.Release|x86.Build.0 = Release|Win32
		{E9CA7737-415B-4B73-9E77-5A41C6E3BF02}.Debug|x64.ActiveCfg = Debug|x64
		{E9CA7737-415B-4B73-9E77-5A41C6E3BF02}.Debug|x64.Build.0 = Debug|x64
		{E9CA7737-415B-4B73-9E77-5A41C6E3BF02}.Debug|x86.ActiveCfg = Debug|Win32
		{E9CA7737-415B-4B73-9E77-5A41C6E3BF02}.Debug|x86.Build.0 = Debug|Win32
		{E9CA7737-415B-4B73-9E77-5A41C6E3BF02}.Release|x64.ActiveCfg = Release|x64
		{E9CA7737-415B-4B73-9E77-5A41C6E3BF02}.Release|x64.Build.0 = Release|x64
		{E9CA7737-415B-4B73-9E77-5A41C6E3BF02}.Release|x86.ActiveCfg = Release|Win32
		{E9CA7737-415B-4B73-9E77-5A41C6E3BF02}.Release|x86.Build.0 = Release|Win32
	EndGlobalSection
	GlobalSection(SolutionProperties) = preSolution
		HideSolutionNode = FALSE
	EndGlobalSection
	GlobalSection(ExtensibilityGlobals) = postSolution
		SolutionGuid = {D0BF184D-E4B8-4166-8B30-7F093B8B306C}
	EndGlobalSection
EndGlobal
