
Microsoft Visual Studio Solution File, Format Version 12.00
# Visual Studio Version 16
VisualStudioVersion = 16.0.30907.101
MinimumVisualStudioVersion = 10.0.40219.1
Project("{8BC9CEB8-8B4A-11D0-8D11-00A0C91BC942}") = "ArrayAndSize", "ArrayAndSize\ArrayAndSize.vcxproj", "{77A1E279-B06D-4519-8E5C-81FE0C0EEF03}"
EndProject
Project("{8BC9CEB8-8B4A-11D0-8D11-00A0C91BC942}") = "RandomNumber", "RandomNumber\RandomNumber.vcxproj", "{8F3D3760-35B7-48B3-9AAA-0D6B298C91C8}"
EndProject
Global
	GlobalSection(SolutionConfigurationPlatforms) = preSolution
		Debug|x64 = Debug|x64
		Debug|x86 = Debug|x86
		Release|x64 = Release|x64
		Release|x86 = Release|x86
	EndGlobalSection
	GlobalSection(ProjectConfigurationPlatforms) = postSolution
		{77A1E279-B06D-4519-8E5C-81FE0C0EEF03}.Debug|x64.ActiveCfg = Debug|x64
		{77A1E279-B06D-4519-8E5C-81FE0C0EEF03}.Debug|x64.Build.0 = Debug|x64
		{77A1E279-B06D-4519-8E5C-81FE0C0EEF03}.Debug|x86.ActiveCfg = Debug|Win32
		{77A1E279-B06D-4519-8E5C-81FE0C0EEF03}.Debug|x86.Build.0 = Debug|Win32
		{77A1E279-B06D-4519-8E5C-81FE0C0EEF03}.Release|x64.ActiveCfg = Release|x64
		{77A1E279-B06D-4519-8E5C-81FE0C0EEF03}.Release|x64.Build.0 = Release|x64
		{77A1E279-B06D-4519-8E5C-81FE0C0EEF03}.Release|x86.ActiveCfg = Release|Win32
		{77A1E279-B06D-4519-8E5C-81FE0C0EEF03}.Release|x86.Build.0 = Release|Win32
		{8F3D3760-35B7-48B3-9AAA-0D6B298C91C8}.Debug|x64.ActiveCfg = Debug|x64
		{8F3D3760-35B7-48B3-9AAA-0D6B298C91C8}.Debug|x64.Build.0 = Debug|x64
		{8F3D3760-35B7-48B3-9AAA-0D6B298C91C8}.Debug|x86.ActiveCfg = Debug|Win32
		{8F3D3760-35B7-48B3-9AAA-0D6B298C91C8}.Debug|x86.Build.0 = Debug|Win32
		{8F3D3760-35B7-48B3-9AAA-0D6B298C91C8}.Release|x64.ActiveCfg = Release|x64
		{8F3D3760-35B7-48B3-9AAA-0D6B298C91C8}.Release|x64.Build.0 = Release|x64
		{8F3D3760-35B7-48B3-9AAA-0D6B298C91C8}.Release|x86.ActiveCfg = Release|Win32
		{8F3D3760-35B7-48B3-9AAA-0D6B298C91C8}.Release|x86.Build.0 = Release|Win32
	EndGlobalSection
	GlobalSection(SolutionProperties) = preSolution
		HideSolutionNode = FALSE
	EndGlobalSection
	GlobalSection(ExtensibilityGlobals) = postSolution
		SolutionGuid = {08486909-6D9F-4621-B3DC-DE01DF68CBC4}
	EndGlobalSection
EndGlobal
